// !$*UTF8*$!
{
	archiveVersion = 1;
	classes = {
	};
	objectVersion = 77;
	objects = {

/* Begin PBXContainerItemProxy section */
		E250F8652E257207009C0682 /* PBXContainerItemProxy */ = {
			isa = PBXContainerItemProxy;
			containerPortal = E250F84F2E257206009C0682 /* Project object */;
			proxyType = 1;
			remoteGlobalIDString = E250F8562E257206009C0682;
			remoteInfo = "URLRequest Utility";
		};
		E250F86F2E257207009C0682 /* PBXContainerItemProxy */ = {
			isa = PBXContainerItemProxy;
			containerPortal = E250F84F2E257206009C0682 /* Project object */;
			proxyType = 1;
			remoteGlobalIDString = E250F8562E257206009C0682;
			remoteInfo = "URLRequest Utility";
		};
/* End PBXContainerItemProxy section */

/* Begin PBXFileReference section */
		E250F8572E257206009C0682 /* URLRequest Utility.app */ = {isa = PBXFileReference; explicitFileType = wrapper.application; includeInIndex = 0; path = "URLRequest Utility.app"; sourceTree = BUILT_PRODUCTS_DIR; };
		E250F8642E257207009C0682 /* URLRequest UtilityTests.xctest */ = {isa = PBXFileReference; explicitFileType = wrapper.cfbundle; includeInIndex = 0; path = "URLRequest UtilityTests.xctest"; sourceTree = BUILT_PRODUCTS_DIR; };
		E250F86E2E257207009C0682 /* URLRequest UtilityUITests.xctest */ = {isa = PBXFileReference; explicitFileType = wrapper.cfbundle; includeInIndex = 0; path = "URLRequest UtilityUITests.xctest"; sourceTree = BUILT_PRODUCTS_DIR; };
/* End PBXFileReference section */

/* Begin PBXFileSystemSynchronizedRootGroup section */
		E250F8592E257206009C0682 /* URLRequest Utility */ = {
			isa = PBXFileSystemSynchronizedRootGroup;
			path = "URLRequest Utility";
			sourceTree = "<group>";
		};
		E250F8672E257207009C0682 /* URLRequest UtilityTests */ = {
			isa = PBXFileSystemSynchronizedRootGroup;
			path = "URLRequest UtilityTests";
			sourceTree = "<group>";
		};
		E250F8712E257207009C0682 /* URLRequest UtilityUITests */ = {
			isa = PBXFileSystemSynchronizedRootGroup;
			path = "URLRequest UtilityUITests";
			sourceTree = "<group>";
		};
/* End PBXFileSystemSynchronizedRootGroup section */

/* Begin PBXFrameworksBuildPhase section */
		E250F8542E257206009C0682 /* Frameworks */ = {
			isa = PBXFrameworksBuildPhase;
			buildActionMask = 2147483647;
			files = (
			);
			runOnlyForDeploymentPostprocessing = 0;
		};
		E250F8612E257207009C0682 /* Frameworks */ = {
			isa = PBXFrameworksBuildPhase;
			buildActionMask = 2147483647;
			files = (
			);
			runOnlyForDeploymentPostprocessing = 0;
		};
		E250F86B2E257207009C0682 /* Frameworks */ = {
			isa = PBXFrameworksBuildPhase;
			buildActionMask = 2147483647;
			files = (
			);
			runOnlyForDeploymentPostprocessing = 0;
		};
/* End PBXFrameworksBuildPhase section */

/* Begin PBXGroup section */
		E250F84E2E257206009C0682 = {
			isa = PBXGroup;
			children = (
				E250F8592E257206009C0682 /* URLRequest Utility */,
				E250F8672E257207009C0682 /* URLRequest UtilityTests */,
				E250F8712E257207009C0682 /* URLRequest UtilityUITests */,
				E250F8582E257206009C0682 /* Products */,
			);
			sourceTree = "<group>";
		};
		E250F8582E257206009C0682 /* Products */ = {
			isa = PBXGroup;
			children = (
				E250F8572E257206009C0682 /* URLRequest Utility.app */,
				E250F8642E257207009C0682 /* URLRequest UtilityTests.xctest */,
				E250F86E2E257207009C0682 /* URLRequest UtilityUITests.xctest */,
			);
			name = Products;
			sourceTree = "<group>";
		};
/* End PBXGroup section */

/* Begin PBXNativeTarget section */
		E250F8562E257206009C0682 /* URLRequest Utility */ = {
			isa = PBXNativeTarget;
			buildConfigurationList = E250F8782E257207009C0682 /* Build configuration list for PBXNativeTarget "URLRequest Utility" */;
			buildPhases = (
				E250F8532E257206009C0682 /* Sources */,
				E250F8542E257206009C0682 /* Frameworks */,
				E250F8552E257206009C0682 /* Resources */,
			);
			buildRules = (
			);
			dependencies = (
			);
			fileSystemSynchronizedGroups = (
				E250F8592E257206009C0682 /* URLRequest Utility */,
			);
			name = "URLRequest Utility";
			packageProductDependencies = (
			);
			productName = "URLRequest Utility";
			productReference = E250F8572E257206009C0682 /* URLRequest Utility.app */;
			productType = "com.apple.product-type.application";
		};
		E250F8632E257207009C0682 /* URLRequest UtilityTests */ = {
			isa = PBXNativeTarget;
			buildConfigurationList = E250F87B2E257207009C0682 /* Build configuration list for PBXNativeTarget "URLRequest UtilityTests" */;
			buildPhases = (
				E250F8602E257207009C0682 /* Sources */,
				E250F8612E257207009C0682 /* Frameworks */,
				E250F8622E257207009C0682 /* Resources */,
			);
			buildRules = (
			);
			dependencies = (
				E250F8662E257207009C0682 /* PBXTargetDependency */,
			);
			fileSystemSynchronizedGroups = (
				E250F8672E257207009C0682 /* URLRequest UtilityTests */,
			);
			name = "URLRequest UtilityTests";
			packageProductDependencies = (
			);
			productName = "URLRequest UtilityTests";
			productReference = E250F8642E257207009C0682 /* URLRequest UtilityTests.xctest */;
			productType = "com.apple.product-type.bundle.unit-test";
		};
		E250F86D2E257207009C0682 /* URLRequest UtilityUITests */ = {
			isa = PBXNativeTarget;
			buildConfigurationList = E250F87E2E257207009C0682 /* Build configuration list for PBXNativeTarget "URLRequest UtilityUITests" */;
			buildPhases = (
				E250F86A2E257207009C0682 /* Sources */,
				E250F86B2E257207009C0682 /* Frameworks */,
				E250F86C2E257207009C0682 /* Resources */,
			);
			buildRules = (
			);
			dependencies = (
				E250F8702E257207009C0682 /* PBXTargetDependency */,
			);
			fileSystemSynchronizedGroups = (
				E250F8712E257207009C0682 /* URLRequest UtilityUITests */,
			);
			name = "URLRequest UtilityUITests";
			packageProductDependencies = (
			);
			productName = "URLRequest UtilityUITests";
			productReference = E250F86E2E257207009C0682 /* URLRequest UtilityUITests.xctest */;
			productType = "com.apple.product-type.bundle.ui-testing";
		};
/* End PBXNativeTarget section */

/* Begin PBXProject section */
		E250F84F2E257206009C0682 /* Project object */ = {
			isa = PBXProject;
			attributes = {
				BuildIndependentTargetsInParallel = 1;
				LastSwiftUpdateCheck = 1630;
				LastUpgradeCheck = 1630;
				TargetAttributes = {
					E250F8562E257206009C0682 = {
						CreatedOnToolsVersion = 16.3;
					};
					E250F8632E257207009C0682 = {
						CreatedOnToolsVersion = 16.3;
						TestTargetID = E250F8562E257206009C0682;
					};
					E250F86D2E257207009C0682 = {
						CreatedOnToolsVersion = 16.3;
						TestTargetID = E250F8562E257206009C0682;
					};
				};
			};
			buildConfigurationList = E250F8522E257206009C0682 /* Build configuration list for PBXProject "URLRequest Utility" */;
			developmentRegion = en;
			hasScannedForEncodings = 0;
			knownRegions = (
				en,
				Base,
			);
			mainGroup = E250F84E2E257206009C0682;
			minimizedProjectReferenceProxies = 1;
			preferredProjectObjectVersion = 77;
			productRefGroup = E250F8582E257206009C0682 /* Products */;
			projectDirPath = "";
			projectRoot = "";
			targets = (
				E250F8562E257206009C0682 /* URLRequest Utility */,
				E250F8632E257207009C0682 /* URLRequest UtilityTests */,
				E250F86D2E257207009C0682 /* URLRequest UtilityUITests */,
			);
		};
/* End PBXProject section */

/* Begin PBXResourcesBuildPhase section */
		E250F8552E257206009C0682 /* Resources */ = {
			isa = PBXResourcesBuildPhase;
			buildActionMask = 2147483647;
			files = (
			);
			runOnlyForDeploymentPostprocessing = 0;
		};
		E250F8622E257207009C0682 /* Resources */ = {
			isa = PBXResourcesBuildPhase;
			buildActionMask = 2147483647;
			files = (
			);
			runOnlyForDeploymentPostprocessing = 0;
		};
		E250F86C2E257207009C0682 /* Resources */ = {
			isa = PBXResourcesBuildPhase;
			buildActionMask = 2147483647;
			files = (
			);
			runOnlyForDeploymentPostprocessing = 0;
		};
/* End PBXResourcesBuildPhase section */

/* Begin PBXSourcesBuildPhase section */
		E250F8532E257206009C0682 /* Sources */ = {
			isa = PBXSourcesBuildPhase;
			buildActionMask = 2147483647;
			files = (
			);
			runOnlyForDeploymentPostprocessing = 0;
		};
		E250F8602E257207009C0682 /* Sources */ = {
			isa = PBXSourcesBuildPhase;
			buildActionMask = 2147483647;
			files = (
			);
			runOnlyForDeploymentPostprocessing = 0;
		};
		E250F86A2E257207009C0682 /* Sources */ = {
			isa = PBXSourcesBuildPhase;
			buildActionMask = 2147483647;
			files = (
			);
			runOnlyForDeploymentPostprocessing = 0;
		};
/* End PBXSourcesBuildPhase section */

/* Begin PBXTargetDependency section */
		E250F8662E257207009C0682 /* PBXTargetDependency */ = {
			isa = PBXTargetDependency;
			target = E250F8562E257206009C0682 /* URLRequest Utility */;
			targetProxy = E250F8652E257207009C0682 /* PBXContainerItemProxy */;
		};
		E250F8702E257207009C0682 /* PBXTargetDependency */ = {
			isa = PBXTargetDependency;
			target = E250F8562E257206009C0682 /* URLRequest Utility */;
			targetProxy = E250F86F2E257207009C0682 /* PBXContainerItemProxy */;
		};
/* End PBXTargetDependency section */

/* Begin XCBuildConfiguration section */
		E250F8762E257207009C0682 /* Debug */ = {
			isa = XCBuildConfiguration;
			buildSettings = {
				ALWAYS_SEARCH_USER_PATHS = NO;
				ASSETCATALOG_COMPILER_GENERATE_SWIFT_ASSET_SYMBOL_EXTENSIONS = YES;
				CLANG_ANALYZER_NONNULL = YES;
				CLANG_ANALYZER_NUMBER_OBJECT_CONVERSION = YES_AGGRESSIVE;
				CLANG_CXX_LANGUAGE_STANDARD = "gnu++20";
				CLANG_ENABLE_MODULES = YES;
				CLANG_ENABLE_OBJC_ARC = YES;
				CLANG_ENABLE_OBJC_WEAK = YES;
				CLANG_WARN_BLOCK_CAPTURE_AUTORELEASING = YES;
				CLANG_WARN_BOOL_CONVERSION = YES;
				CLANG_WARN_COMMA = YES;
				CLANG_WARN_CONSTANT_CONVERSION = YES;
				CLANG_WARN_DEPRECATED_OBJC_IMPLEMENTATIONS = YES;
				CLANG_WARN_DIRECT_OBJC_ISA_USAGE = YES_ERROR;
				CLANG_WARN_DOCUMENTATION_COMMENTS = YES;
				CLANG_WARN_EMPTY_BODY = YES;
				CLANG_WARN_ENUM_CONVERSION = YES;
				CLANG_WARN_INFINITE_RECURSION = YES;
				CLANG_WARN_INT_CONVERSION = YES;
				CLANG_WARN_NON_LITERAL_NULL_CONVERSION = YES;
				CLANG_WARN_OBJC_IMPLICIT_RETAIN_SELF = YES;
				CLANG_WARN_OBJC_LITERAL_CONVERSION = YES;
				CLANG_WARN_OBJC_ROOT_CLASS = YES_ERROR;
				CLANG_WARN_QUOTED_INCLUDE_IN_FRAMEWORK_HEADER = YES;
				CLANG_WARN_RANGE_LOOP_ANALYSIS = YES;
				CLANG_WARN_STRICT_PROTOTYPES = YES;
				CLANG_WARN_SUSPICIOUS_MOVE = YES;
				CLANG_WARN_UNGUARDED_AVAILABILITY = YES_AGGRESSIVE;
				CLANG_WARN_UNREACHABLE_CODE = YES;
				CLANG_WARN__DUPLICATE_METHOD_MATCH = YES;
				COPY_PHASE_STRIP = NO;
				DEBUG_INFORMATION_FORMAT = dwarf;
				DEVELOPMENT_TEAM = M2U22X8Y6B;
				ENABLE_STRICT_OBJC_MSGSEND = YES;
				ENABLE_TESTABILITY = YES;
				ENABLE_USER_SCRIPT_SANDBOXING = YES;
				GCC_C_LANGUAGE_STANDARD = gnu17;
				GCC_DYNAMIC_NO_PIC = NO;
				GCC_NO_COMMON_BLOCKS = YES;
				GCC_OPTIMIZATION_LEVEL = 0;
				GCC_PREPROCESSOR_DEFINITIONS = (
					"DEBUG=1",
					"$(inherited)",
				);
				GCC_WARN_64_TO_32_BIT_CONVERSION = YES;
				GCC_WARN_ABOUT_RETURN_TYPE = YES_ERROR;
				GCC_WARN_UNDECLARED_SELECTOR = YES;
				GCC_WARN_UNINITIALIZED_AUTOS = YES_AGGRESSIVE;
				GCC_WARN_UNUSED_FUNCTION = YES;
				GCC_WARN_UNUSED_VARIABLE = YES;
				IPHONEOS_DEPLOYMENT_TARGET = 18.4;
				LOCALIZATION_PREFERS_STRING_CATALOGS = YES;
				MTL_ENABLE_DEBUG_INFO = INCLUDE_SOURCE;
				MTL_FAST_MATH = YES;
				ONLY_ACTIVE_ARCH = YES;
				SDKROOT = iphoneos;
				SWIFT_ACTIVE_COMPILATION_CONDITIONS = "DEBUG $(inherited)";
				SWIFT_OPTIMIZATION_LEVEL = "-Onone";
			};
			name = Debug;
		};
		E250F8772E257207009C0682 /* Release */ = {
			isa = XCBuildConfiguration;
			buildSettings = {
				ALWAYS_SEARCH_USER_PATHS = NO;
				ASSETCATALOG_COMPILER_GENERATE_SWIFT_ASSET_SYMBOL_EXTENSIONS = YES;
				CLANG_ANALYZER_NONNULL = YES;
				CLANG_ANALYZER_NUMBER_OBJECT_CONVERSION = YES_AGGRESSIVE;
				CLANG_CXX_LANGUAGE_STANDARD = "gnu++20";
				CLANG_ENABLE_MODULES = YES;
				CLANG_ENABLE_OBJC_ARC = YES;
				CLANG_ENABLE_OBJC_WEAK = YES;
				CLANG_WARN_BLOCK_CAPTURE_AUTORELEASING = YES;
				CLANG_WARN_BOOL_CONVERSION = YES;
				CLANG_WARN_COMMA = YES;
				CLANG_WARN_CONSTANT_CONVERSION = YES;
				CLANG_WARN_DEPRECATED_OBJC_IMPLEMENTATIONS = YES;
				CLANG_WARN_DIRECT_OBJC_ISA_USAGE = YES_ERROR;
				CLANG_WARN_DOCUMENTATION_COMMENTS = YES;
				CLANG_WARN_EMPTY_BODY = YES;
				CLANG_WARN_ENUM_CONVERSION = YES;
				CLANG_WARN_INFINITE_RECURSION = YES;
				CLANG_WARN_INT_CONVERSION = YES;
				CLANG_WARN_NON_LITERAL_NULL_CONVERSION = YES;
				CLANG_WARN_OBJC_IMPLICIT_RETAIN_SELF = YES;
				CLANG_WARN_OBJC_LITERAL_CONVERSION = YES;
				CLANG_WARN_OBJC_ROOT_CLASS = YES_ERROR;
				CLANG_WARN_QUOTED_INCLUDE_IN_FRAMEWORK_HEADER = YES;
				CLANG_WARN_RANGE_LOOP_ANALYSIS = YES;
				CLANG_WARN_STRICT_PROTOTYPES = YES;
				CLANG_WARN_SUSPICIOUS_MOVE = YES;
				CLANG_WARN_UNGUARDED_AVAILABILITY = YES_AGGRESSIVE;
				CLANG_WARN_UNREACHABLE_CODE = YES;
				CLANG_WARN__DUPLICATE_METHOD_MATCH = YES;
				COPY_PHASE_STRIP = NO;
				DEBUG_INFORMATION_FORMAT = "dwarf-with-dsym";
				DEVELOPMENT_TEAM = M2U22X8Y6B;
				ENABLE_NS_ASSERTIONS = NO;
				ENABLE_STRICT_OBJC_MSGSEND = YES;
				ENABLE_USER_SCRIPT_SANDBOXING = YES;
				GCC_C_LANGUAGE_STANDARD = gnu17;
				GCC_NO_COMMON_BLOCKS = YES;
				GCC_WARN_64_TO_32_BIT_CONVERSION = YES;
				GCC_WARN_ABOUT_RETURN_TYPE = YES_ERROR;
				GCC_WARN_UNDECLARED_SELECTOR = YES;
				GCC_WARN_UNINITIALIZED_AUTOS = YES_AGGRESSIVE;
				GCC_WARN_UNUSED_FUNCTION = YES;
				GCC_WARN_UNUSED_VARIABLE = YES;
				IPHONEOS_DEPLOYMENT_TARGET = 18.4;
				LOCALIZATION_PREFERS_STRING_CATALOGS = YES;
				MTL_ENABLE_DEBUG_INFO = NO;
				MTL_FAST_MATH = YES;
				SDKROOT = iphoneos;
				SWIFT_COMPILATION_MODE = wholemodule;
				VALIDATE_PRODUCT = YES;
			};
			name = Release;
		};
		E250F8792E257207009C0682 /* Debug */ = {
			isa = XCBuildConfiguration;
			buildSettings = {
				ASSETCATALOG_COMPILER_APPICON_NAME = AppIcon;
				ASSETCATALOG_COMPILER_GLOBAL_ACCENT_COLOR_NAME = AccentColor;
				CODE_SIGN_STYLE = Automatic;
				CURRENT_PROJECT_VERSION = 1;
				DEVELOPMENT_TEAM = M2U22X8Y6B;
				ENABLE_PREVIEWS = YES;
				GENERATE_INFOPLIST_FILE = YES;
				INFOPLIST_KEY_UIApplicationSceneManifest_Generation = YES;
				INFOPLIST_KEY_UIApplicationSupportsIndirectInputEvents = YES;
				INFOPLIST_KEY_UILaunchScreen_Generation = YES;
				INFOPLIST_KEY_UISupportedInterfaceOrientations_iPad = "UIInterfaceOrientationPortrait UIInterfaceOrientationPortraitUpsideDown UIInterfaceOrientationLandscapeLeft UIInterfaceOrientationLandscapeRight";
				INFOPLIST_KEY_UISupportedInterfaceOrientations_iPhone = "UIInterfaceOrientationPortrait UIInterfaceOrientationLandscapeLeft UIInterfaceOrientationLandscapeRight";
				LD_RUNPATH_SEARCH_PATHS = (
					"$(inherited)",
					"@executable_path/Frameworks",
				);
				MARKETING_VERSION = 1.0;
				PRODUCT_BUNDLE_IDENTIFIER = "com.dwb.URLRequest-Utility";
				PRODUCT_NAME = "$(TARGET_NAME)";
				SWIFT_EMIT_LOC_STRINGS = YES;
				SWIFT_VERSION = 5.0;
				TARGETED_DEVICE_FAMILY = "1,2";
			};
			name = Debug;
		};
		E250F87A2E257207009C0682 /* Release */ = {
			isa = XCBuildConfiguration;
			buildSettings = {
				ASSETCATALOG_COMPILER_APPICON_NAME = AppIcon;
				ASSETCATALOG_COMPILER_GLOBAL_ACCENT_COLOR_NAME = AccentColor;
				CODE_SIGN_STYLE = Automatic;
				CURRENT_PROJECT_VERSION = 1;
				DEVELOPMENT_TEAM = M2U22X8Y6B;
				ENABLE_PREVIEWS = YES;
				GENERATE_INFOPLIST_FILE = YES;
				INFOPLIST_KEY_UIApplicationSceneManifest_Generation = YES;
				INFOPLIST_KEY_UIApplicationSupportsIndirectInputEvents = YES;
				INFOPLIST_KEY_UILaunchScreen_Generation = YES;
				INFOPLIST_KEY_UISupportedInterfaceOrientations_iPad = "UIInterfaceOrientationPortrait UIInterfaceOrientationPortraitUpsideDown UIInterfaceOrientationLandscapeLeft UIInterfaceOrientationLandscapeRight";
				INFOPLIST_KEY_UISupportedInterfaceOrientations_iPhone = "UIInterfaceOrientationPortrait UIInterfaceOrientationLandscapeLeft UIInterfaceOrientationLandscapeRight";
				LD_RUNPATH_SEARCH_PATHS = (
					"$(inherited)",
					"@executable_path/Frameworks",
				);
				MARKETING_VERSION = 1.0;
				PRODUCT_BUNDLE_IDENTIFIER = "com.dwb.URLRequest-Utility";
				PRODUCT_NAME = "$(TARGET_NAME)";
				SWIFT_EMIT_LOC_STRINGS = YES;
				SWIFT_VERSION = 5.0;
				TARGETED_DEVICE_FAMILY = "1,2";
			};
			name = Release;
		};
		E250F87C2E257207009C0682 /* Debug */ = {
			isa = XCBuildConfiguration;
			buildSettings = {
				BUNDLE_LOADER = "$(TEST_HOST)";
				CODE_SIGN_STYLE = Automatic;
				CURRENT_PROJECT_VERSION = 1;
				DEVELOPMENT_TEAM = M2U22X8Y6B;
				GENERATE_INFOPLIST_FILE = YES;
				IPHONEOS_DEPLOYMENT_TARGET = 18.4;
				MARKETING_VERSION = 1.0;
				PRODUCT_BUNDLE_IDENTIFIER = "com.dwb.URLRequest-UtilityTests";
				PRODUCT_NAME = "$(TARGET_NAME)";
				SWIFT_EMIT_LOC_STRINGS = NO;
				SWIFT_VERSION = 5.0;
				TARGETED_DEVICE_FAMILY = "1,2";
				TEST_HOST = "$(BUILT_PRODUCTS_DIR)/URLRequest Utility.app/$(BUNDLE_EXECUTABLE_FOLDER_PATH)/URLRequest Utility";
			};
			name = Debug;
		};
		E250F87D2E257207009C0682 /* Release */ = {
			isa = XCBuildConfiguration;
			buildSettings = {
				BUNDLE_LOADER = "$(TEST_HOST)";
				CODE_SIGN_STYLE = Automatic;
				CURRENT_PROJECT_VERSION = 1;
				DEVELOPMENT_TEAM = M2U22X8Y6B;
				GENERATE_INFOPLIST_FILE = YES;
				IPHONEOS_DEPLOYMENT_TARGET = 18.4;
				MARKETING_VERSION = 1.0;
				PRODUCT_BUNDLE_IDENTIFIER = "com.dwb.URLRequest-UtilityTests";
				PRODUCT_NAME = "$(TARGET_NAME)";
				SWIFT_EMIT_LOC_STRINGS = NO;
				SWIFT_VERSION = 5.0;
				TARGETED_DEVICE_FAMILY = "1,2";
				TEST_HOST = "$(BUILT_PRODUCTS_DIR)/URLRequest Utility.app/$(BUNDLE_EXECUTABLE_FOLDER_PATH)/URLRequest Utility";
			};
			name = Release;
		};
		E250F87F2E257207009C0682 /* Debug */ = {
			isa = XCBuildConfiguration;
			buildSettings = {
				CODE_SIGN_STYLE = Automatic;
				CURRENT_PROJECT_VERSION = 1;
				DEVELOPMENT_TEAM = M2U22X8Y6B;
				GENERATE_INFOPLIST_FILE = YES;
				MARKETING_VERSION = 1.0;
				PRODUCT_BUNDLE_IDENTIFIER = "com.dwb.URLRequest-UtilityUITests";
				PRODUCT_NAME = "$(TARGET_NAME)";
				SWIFT_EMIT_LOC_STRINGS = NO;
				SWIFT_VERSION = 5.0;
				TARGETED_DEVICE_FAMILY = "1,2";
				TEST_TARGET_NAME = "URLRequest Utility";
			};
			name = Debug;
		};
		E250F8802E257207009C0682 /* Release */ = {
			isa = XCBuildConfiguration;
			buildSettings = {
				CODE_SIGN_STYLE = Automatic;
				CURRENT_PROJECT_VERSION = 1;
				DEVELOPMENT_TEAM = M2U22X8Y6B;
				GENERATE_INFOPLIST_FILE = YES;
				MARKETING_VERSION = 1.0;
				PRODUCT_BUNDLE_IDENTIFIER = "com.dwb.URLRequest-UtilityUITests";
				PRODUCT_NAME = "$(TARGET_NAME)";
				SWIFT_EMIT_LOC_STRINGS = NO;
				SWIFT_VERSION = 5.0;
				TARGETED_DEVICE_FAMILY = "1,2";
				TEST_TARGET_NAME = "URLRequest Utility";
			};
			name = Release;
		};
/* End XCBuildConfiguration section */

/* Begin XCConfigurationList section */
		E250F8522E257206009C0682 /* Build configuration list for PBXProject "URLRequest Utility" */ = {
			isa = XCConfigurationList;
			buildConfigurations = (
				E250F8762E257207009C0682 /* Debug */,
				E250F8772E257207009C0682 /* Release */,
			);
			defaultConfigurationIsVisible = 0;
			defaultConfigurationName = Release;
		};
		E250F8782E257207009C0682 /* Build configuration list for PBXNativeTarget "URLRequest Utility" */ = {
			isa = XCConfigurationList;
			buildConfigurations = (
				E250F8792E257207009C0682 /* Debug */,
				E250F87A2E257207009C0682 /* Release */,
			);
			defaultConfigurationIsVisible = 0;
			defaultConfigurationName = Release;
		};
		E250F87B2E257207009C0682 /* Build configuration list for PBXNativeTarget "URLRequest UtilityTests" */ = {
			isa = XCConfigurationList;
			buildConfigurations = (
				E250F87C2E257207009C0682 /* Debug */,
				E250F87D2E257207009C0682 /* Release */,
			);
			defaultConfigurationIsVisible = 0;
			defaultConfigurationName = Release;
		};
		E250F87E2E257207009C0682 /* Build configuration list for PBXNativeTarget "URLRequest UtilityUITests" */ = {
			isa = XCConfigurationList;
			buildConfigurations = (
				E250F87F2E257207009C0682 /* Debug */,
				E250F8802E257207009C0682 /* Release */,
			);
			defaultConfigurationIsVisible = 0;
			defaultConfigurationName = Release;
		};
/* End XCConfigurationList section */
	};
	rootObject = E250F84F2E257206009C0682 /* Project object */;
}
